
Microsoft Visual Studio Solution File, Format Version 12.00
# Visual Studio Version 17
VisualStudioVersion = 17.9.34616.47
MinimumVisualStudioVersion = 10.0.40219.1
Project("{FAE04EC0-301F-11D3-BF4B-00C04F79EFBC}") = "EFC_Student", "EFC_Student\EFC_Student.csproj", "{40104B84-2A6C-4131-BB8C-F0B7CE131F9C}"
EndProject
Global
	GlobalSection(SolutionConfigurationPlatforms) = preSolution
		Debug|Any CPU = Debug|Any CPU
		Release|Any CPU = Release|Any CPU
	EndGlobalSection
	GlobalSection(ProjectConfigurationPlatforms) = postSolution
		{40104B84-2A6C-4131-BB8C-F0B7CE131F9C}.Debug|Any CPU.ActiveCfg = Debug|Any CPU
		{40104B84-2A6C-4131-BB8C-F0B7CE131F9C}.Debug|Any CPU.Build.0 = Debug|Any CPU
		{40104B84-2A6C-4131-BB8C-F0B7CE131F9C}.Release|Any CPU.ActiveCfg = Release|Any CPU
		{40104B84-2A6C-4131-BB8C-F0B7CE131F9C}.Release|Any CPU.Build.0 = Release|Any CPU
	EndGlobalSection
	GlobalSection(SolutionProperties) = preSolution
		HideSolutionNode = FALSE
	EndGlobalSection
	GlobalSection(ExtensibilityGlobals) = postSolution
		SolutionGuid = {EC8F7F99-EF83-43FB-B623-DD6A8A3E0165}
	EndGlobalSection
EndGlobal
